
Microsoft Visual Studio Solution File, Format Version 12.00
# Visual Studio Version 17
VisualStudioVersion = 17.7.34024.191
MinimumVisualStudioVersion = 10.0.40219.1
Project("{FAE04EC0-301F-11D3-BF4B-00C04F79EFBC}") = "2023-3AHIT-SEW", "2023-3AHIT-SEW\2023-3AHIT-SEW.csproj", "{DDAEEC9B-5E1B-4ADD-B7BC-E85244F5F4C7}"
EndProject
Project("{FAE04EC0-301F-11D3-BF4B-00C04F79EFBC}") = "2023-09-04_Intro", "2023-09-04_Intro\2023-09-04_Intro.csproj", "{68406C0F-F07E-47D5-B567-9AE7B43B2A34}"
EndProject
Global
	GlobalSection(SolutionConfigurationPlatforms) = preSolution
		Debug|Any CPU = Debug|Any CPU
		Release|Any CPU = Release|Any CPU
	EndGlobalSection
	GlobalSection(ProjectConfigurationPlatforms) = postSolution
		{DDAEEC9B-5E1B-4ADD-B7BC-E85244F5F4C7}.Debug|Any CPU.ActiveCfg = Debug|Any CPU
		{DDAEEC9B-5E1B-4ADD-B7BC-E85244F5F4C7}.Debug|Any CPU.Build.0 = Debug|Any CPU
		{DDAEEC9B-5E1B-4ADD-B7BC-E85244F5F4C7}.Release|Any CPU.ActiveCfg = Release|Any CPU
		{DDAEEC9B-5E1B-4ADD-B7BC-E85244F5F4C7}.Release|Any CPU.Build.0 = Release|Any CPU
		{68406C0F-F07E-47D5-B567-9AE7B43B2A34}.Debug|Any CPU.ActiveCfg = Debug|Any CPU
		{68406C0F-F07E-47D5-B567-9AE7B43B2A34}.Debug|Any CPU.Build.0 = Debug|Any CPU
		{68406C0F-F07E-47D5-B567-9AE7B43B2A34}.Release|Any CPU.ActiveCfg = Release|Any CPU
		{68406C0F-F07E-47D5-B567-9AE7B43B2A34}.Release|Any CPU.Build.0 = Release|Any CPU
	EndGlobalSection
	GlobalSection(SolutionProperties) = preSolution
		HideSolutionNode = FALSE
	EndGlobalSection
	GlobalSection(ExtensibilityGlobals) = postSolution
		SolutionGuid = {114126D6-FCA2-4672-9373-5CDCCF96F568}
	EndGlobalSection
EndGlobal
